{
  "name": "railcube-optimisation",
  "lockfileVersion": 3,
  "requires": true,
  "packages": {
    "": {
      "name": "railcube-optimisation",
      "dependencies": {
        "cpsat-js": "^1.1.0"
      }
    },
    "node_modules/@bufbuild/protobuf": {
      "version": "2.13.0",
      "resolved": "https://registry.npmjs.org/@bufbuild/protobuf/-/protobuf-2.13.0.tgz",
      "integrity": "sha512-acq7c49vxfm1ggJ95P70TX7ABDM0vxr1SYD3BB0o0jnBLB4OAqeHyKuN+cD3w80gXEDQ2zxHpR6CUeA+O/aU9g==",
      "license": "(Apache-2.0 AND BSD-3-Clause)"
    },
    "node_modules/cpsat-js": {
      "version": "1.1.0",
      "resolved": "https://registry.npmjs.org/cpsat-js/-/cpsat-js-1.1.0.tgz",
      "integrity": "sha512-zZ8gyG6nRC7mvEt9hqr7rVsRZg5OjUHlePL6HNwrnU+voR78vu0ygkAdPb4bTECLNfotml6b3DqI6NR8V0EmVw==",
      "license": "Apache-2.0",
      "dependencies": {
        "@bufbuild/protobuf": "^2.3.0"
      }
    }
  }
}
